
Microsoft Visual Studio Solution File, Format Version 12.00
# Visual Studio Version 17
VisualStudioVersion = 17.2.32616.157
MinimumVisualStudioVersion = 10.0.40219.1
Project("{9A19103F-16F7-4668-BE54-9A1E7A4F7556}") = "Asp.IdentityServer", "Asp.IdentityServer\Asp.IdentityServer.csproj", "{44A14238-CB33-409A-86FF-31F869457C60}"
EndProject
Project("{9A19103F-16F7-4668-BE54-9A1E7A4F7556}") = "Asp.WebAPI", "Asp.WebAPI\Asp.WebAPI.csproj", "{7361AF66-8658-4DD4-B9DB-D58AD90332BA}"
EndProject
Global
	GlobalSection(SolutionConfigurationPlatforms) = preSolution
		Debug|Any CPU = Debug|Any CPU
		Release|Any CPU = Release|Any CPU
	EndGlobalSection
	GlobalSection(ProjectConfigurationPlatforms) = postSolution
		{44A14238-CB33-409A-86FF-31F869457C60}.Debug|Any CPU.ActiveCfg = Debug|Any CPU
		{44A14238-CB33-409A-86FF-31F869457C60}.Debug|Any CPU.Build.0 = Debug|Any CPU
		{44A14238-CB33-409A-86FF-31F869457C60}.Release|Any CPU.ActiveCfg = Release|Any CPU
		{44A14238-CB33-409A-86FF-31F869457C60}.Release|Any CPU.Build.0 = Release|Any CPU
		{7361AF66-8658-4DD4-B9DB-D58AD90332BA}.Debug|Any CPU.ActiveCfg = Debug|Any CPU
		{7361AF66-8658-4DD4-B9DB-D58AD90332BA}.Debug|Any CPU.Build.0 = Debug|Any CPU
		{7361AF66-8658-4DD4-B9DB-D58AD90332BA}.Release|Any CPU.ActiveCfg = Release|Any CPU
		{7361AF66-8658-4DD4-B9DB-D58AD90332BA}.Release|Any CPU.Build.0 = Release|Any CPU
	EndGlobalSection
	GlobalSection(SolutionProperties) = preSolution
		HideSolutionNode = FALSE
	EndGlobalSection
	GlobalSection(ExtensibilityGlobals) = postSolution
		SolutionGuid = {BC8733CC-230A-4DBA-96EA-F3EF0A22A47C}
	EndGlobalSection
EndGlobal
